
Microsoft Visual Studio Solution File, Format Version 12.00
# Visual Studio Version 16
VisualStudioVersion = 16.0.29324.140
MinimumVisualStudioVersion = 10.0.40219.1
Project("{FAE04EC0-301F-11D3-BF4B-00C04F79EFBC}") = "Uva.Allergie.WebApi", "Uva.Allergie.WebApi\Uva.Allergie.WebApi.csproj", "{1DFA025F-DAE6-4113-AD6A-FC5A92DD6399}"
EndProject
Project("{FAE04EC0-301F-11D3-BF4B-00C04F79EFBC}") = "Uva.Allergie.Data", "Uva.Allergie.Data\Uva.Allergie.Data.csproj", "{B84A9488-46CC-424F-AC38-DF3D4B9AA928}"
EndProject
Project("{FAE04EC0-301F-11D3-BF4B-00C04F79EFBC}") = "Uva.Allergie.Common", "Uva.Allergie.Common\Uva.Allergie.Common.csproj", "{5B78EF83-9010-4A2E-8CF8-75A22463069E}"
EndProject
Project("{FAE04EC0-301F-11D3-BF4B-00C04F79EFBC}") = "Uva.Allergie.Application", "Uva.Allergie.Application\Uva.Allergie.Application.csproj", "{C53C28FA-6D4E-42EA-A06A-C136767EAC0F}"
EndProject
Global
	GlobalSection(SolutionConfigurationPlatforms) = preSolution
		Debug|Any CPU = Debug|Any CPU
		Release|Any CPU = Release|Any CPU
	EndGlobalSection
	GlobalSection(ProjectConfigurationPlatforms) = postSolution
		{1DFA025F-DAE6-4113-AD6A-FC5A92DD6399}.Debug|Any CPU.ActiveCfg = Debug|Any CPU
		{1DFA025F-DAE6-4113-AD6A-FC5A92DD6399}.Debug|Any CPU.Build.0 = Debug|Any CPU
		{1DFA025F-DAE6-4113-AD6A-FC5A92DD6399}.Release|Any CPU.ActiveCfg = Release|Any CPU
		{1DFA025F-DAE6-4113-AD6A-FC5A92DD6399}.Release|Any CPU.Build.0 = Release|Any CPU
		{B84A9488-46CC-424F-AC38-DF3D4B9AA928}.Debug|Any CPU.ActiveCfg = Debug|Any CPU
		{B84A9488-46CC-424F-AC38-DF3D4B9AA928}.Debug|Any CPU.Build.0 = Debug|Any CPU
		{B84A9488-46CC-424F-AC38-DF3D4B9AA928}.Release|Any CPU.ActiveCfg = Release|Any CPU
		{B84A9488-46CC-424F-AC38-DF3D4B9AA928}.Release|Any CPU.Build.0 = Release|Any CPU
		{5B78EF83-9010-4A2E-8CF8-75A22463069E}.Debug|Any CPU.ActiveCfg = Debug|Any CPU
		{5B78EF83-9010-4A2E-8CF8-75A22463069E}.Debug|Any CPU.Build.0 = Debug|Any CPU
		{5B78EF83-9010-4A2E-8CF8-75A22463069E}.Release|Any CPU.ActiveCfg = Release|Any CPU
		{5B78EF83-9010-4A2E-8CF8-75A22463069E}.Release|Any CPU.Build.0 = Release|Any CPU
		{C53C28FA-6D4E-42EA-A06A-C136767EAC0F}.Debug|Any CPU.ActiveCfg = Debug|Any CPU
		{C53C28FA-6D4E-42EA-A06A-C136767EAC0F}.Debug|Any CPU.Build.0 = Debug|Any CPU
		{C53C28FA-6D4E-42EA-A06A-C136767EAC0F}.Release|Any CPU.ActiveCfg = Release|Any CPU
		{C53C28FA-6D4E-42EA-A06A-C136767EAC0F}.Release|Any CPU.Build.0 = Release|Any CPU
	EndGlobalSection
	GlobalSection(SolutionProperties) = preSolution
		HideSolutionNode = FALSE
	EndGlobalSection
	GlobalSection(ExtensibilityGlobals) = postSolution
		SolutionGuid = {3EBB986B-703A-4C5E-AC5B-A606A8622728}
	EndGlobalSection
EndGlobal
